
Microsoft Visual Studio Solution File, Format Version 12.00
Project("{FAE04EC0-301F-11D3-BF4B-00C04F79EFBC}") = "BTPathMod", "BTPathMod\BTPathMod.csproj", "{7FF239AA-ECEF-460F-896B-7F153C336C81}"
EndProject
Project("{FAE04EC0-301F-11D3-BF4B-00C04F79EFBC}") = "Planet_Boundary_finder", "Planet_Boundary_finder\Planet_Boundary_finder.csproj", "{2C895DDC-0AFE-4152-BB45-31B039C4E55D}"
EndProject
Global
	GlobalSection(SolutionConfigurationPlatforms) = preSolution
		Debug|Any CPU = Debug|Any CPU
		Release|Any CPU = Release|Any CPU
	EndGlobalSection
	GlobalSection(ProjectConfigurationPlatforms) = postSolution
		{7FF239AA-ECEF-460F-896B-7F153C336C81}.Debug|Any CPU.ActiveCfg = Debug|Any CPU
		{7FF239AA-ECEF-460F-896B-7F153C336C81}.Debug|Any CPU.Build.0 = Debug|Any CPU
		{7FF239AA-ECEF-460F-896B-7F153C336C81}.Release|Any CPU.ActiveCfg = Release|Any CPU
		{7FF239AA-ECEF-460F-896B-7F153C336C81}.Release|Any CPU.Build.0 = Release|Any CPU
		{2C895DDC-0AFE-4152-BB45-31B039C4E55D}.Debug|Any CPU.ActiveCfg = Debug|Any CPU
		{2C895DDC-0AFE-4152-BB45-31B039C4E55D}.Debug|Any CPU.Build.0 = Debug|Any CPU
		{2C895DDC-0AFE-4152-BB45-31B039C4E55D}.Release|Any CPU.ActiveCfg = Release|Any CPU
		{2C895DDC-0AFE-4152-BB45-31B039C4E55D}.Release|Any CPU.Build.0 = Release|Any CPU
	EndGlobalSection
EndGlobal
